
Microsoft Visual Studio Solution File, Format Version 12.00
# Visual Studio 15
VisualStudioVersion = 15.0.26430.14
MinimumVisualStudioVersion = 10.0.40219.1
Project("{2150E333-8FDC-42A3-9474-1A3956D46DE8}") = "src", "src", "{D7259EBD-E023-4BFB-86C6-50F8EA1D414A}"
EndProject
Project("{2150E333-8FDC-42A3-9474-1A3956D46DE8}") = "Solution Items", "Solution Items", "{0F8A67BF-09A3-4E72-A4DB-56055D8AED4B}"
EndProject
Project("{2150E333-8FDC-42A3-9474-1A3956D46DE8}") = "tests", "tests", "{C09F92FC-42CB-49F0-B18D-0A1374C69C68}"
EndProject
Project("{9A19103F-16F7-4668-BE54-9A1E7A4F7556}") = "Lykke.Service.OperationsHistory.Job", "src\Lykke.Service.OperationsHistory.Job\Lykke.Service.OperationsHistory.Job.csproj", "{D66F0978-098B-447D-AD62-F3F0D57A8A0B}"
EndProject
Project("{9A19103F-16F7-4668-BE54-9A1E7A4F7556}") = "Lykke.Service.OperationsHistory.Tests", "tests\Lykke.Service.OperationsHistory.Tests\Lykke.Service.OperationsHistory.Tests.csproj", "{F3C285F1-FD40-4190-AC09-F4491AF3F276}"
EndProject
Project("{9A19103F-16F7-4668-BE54-9A1E7A4F7556}") = "Lykke.Service.OperationsHistory.Core", "src\Lykke.Service.OperationsHistory.Core\Lykke.Service.OperationsHistory.Core.csproj", "{E43E6323-8622-45C6-97A7-8C48FE5B3FBE}"
EndProject
Project("{2150E333-8FDC-42A3-9474-1A3956D46DE8}") = "client", "client", "{F757458C-772F-47CE-B0EB-D9B7F85D9E85}"
EndProject
Project("{9A19103F-16F7-4668-BE54-9A1E7A4F7556}") = "Lykke.Service.OperationsHistory.HistoryWriter", "client\Lykke.Service.OperationsHistory.HistoryWriter\Lykke.Service.OperationsHistory.HistoryWriter.csproj", "{E6833267-F66F-4A17-BFB0-8D826E5755A9}"
EndProject
Project("{9A19103F-16F7-4668-BE54-9A1E7A4F7556}") = "Lykke.Service.OperationsHistory", "src\Lykke.Service.OperationsHistory\Lykke.Service.OperationsHistory.csproj", "{F88B1171-B104-4EA6-8B45-AE654FC83070}"
EndProject
Global
	GlobalSection(SolutionConfigurationPlatforms) = preSolution
		Debug|Any CPU = Debug|Any CPU
		Release|Any CPU = Release|Any CPU
	EndGlobalSection
	GlobalSection(ProjectConfigurationPlatforms) = postSolution
		{D66F0978-098B-447D-AD62-F3F0D57A8A0B}.Debug|Any CPU.ActiveCfg = Debug|Any CPU
		{D66F0978-098B-447D-AD62-F3F0D57A8A0B}.Debug|Any CPU.Build.0 = Debug|Any CPU
		{D66F0978-098B-447D-AD62-F3F0D57A8A0B}.Release|Any CPU.ActiveCfg = Release|Any CPU
		{D66F0978-098B-447D-AD62-F3F0D57A8A0B}.Release|Any CPU.Build.0 = Release|Any CPU
		{F3C285F1-FD40-4190-AC09-F4491AF3F276}.Debug|Any CPU.ActiveCfg = Debug|Any CPU
		{F3C285F1-FD40-4190-AC09-F4491AF3F276}.Debug|Any CPU.Build.0 = Debug|Any CPU
		{F3C285F1-FD40-4190-AC09-F4491AF3F276}.Release|Any CPU.ActiveCfg = Release|Any CPU
		{F3C285F1-FD40-4190-AC09-F4491AF3F276}.Release|Any CPU.Build.0 = Release|Any CPU
		{E43E6323-8622-45C6-97A7-8C48FE5B3FBE}.Debug|Any CPU.ActiveCfg = Debug|Any CPU
		{E43E6323-8622-45C6-97A7-8C48FE5B3FBE}.Debug|Any CPU.Build.0 = Debug|Any CPU
		{E43E6323-8622-45C6-97A7-8C48FE5B3FBE}.Release|Any CPU.ActiveCfg = Release|Any CPU
		{E43E6323-8622-45C6-97A7-8C48FE5B3FBE}.Release|Any CPU.Build.0 = Release|Any CPU
		{E6833267-F66F-4A17-BFB0-8D826E5755A9}.Debug|Any CPU.ActiveCfg = Debug|Any CPU
		{E6833267-F66F-4A17-BFB0-8D826E5755A9}.Debug|Any CPU.Build.0 = Debug|Any CPU
		{E6833267-F66F-4A17-BFB0-8D826E5755A9}.Release|Any CPU.ActiveCfg = Release|Any CPU
		{E6833267-F66F-4A17-BFB0-8D826E5755A9}.Release|Any CPU.Build.0 = Release|Any CPU
		{F88B1171-B104-4EA6-8B45-AE654FC83070}.Debug|Any CPU.ActiveCfg = Debug|Any CPU
		{F88B1171-B104-4EA6-8B45-AE654FC83070}.Debug|Any CPU.Build.0 = Debug|Any CPU
		{F88B1171-B104-4EA6-8B45-AE654FC83070}.Release|Any CPU.ActiveCfg = Release|Any CPU
		{F88B1171-B104-4EA6-8B45-AE654FC83070}.Release|Any CPU.Build.0 = Release|Any CPU
	EndGlobalSection
	GlobalSection(SolutionProperties) = preSolution
		HideSolutionNode = FALSE
	EndGlobalSection
	GlobalSection(NestedProjects) = preSolution
		{D66F0978-098B-447D-AD62-F3F0D57A8A0B} = {D7259EBD-E023-4BFB-86C6-50F8EA1D414A}
		{F3C285F1-FD40-4190-AC09-F4491AF3F276} = {C09F92FC-42CB-49F0-B18D-0A1374C69C68}
		{E43E6323-8622-45C6-97A7-8C48FE5B3FBE} = {D7259EBD-E023-4BFB-86C6-50F8EA1D414A}
		{E6833267-F66F-4A17-BFB0-8D826E5755A9} = {F757458C-772F-47CE-B0EB-D9B7F85D9E85}
		{F88B1171-B104-4EA6-8B45-AE654FC83070} = {D7259EBD-E023-4BFB-86C6-50F8EA1D414A}
	EndGlobalSection
EndGlobal
