
Microsoft Visual Studio Solution File, Format Version 12.00
# Visual Studio 14
VisualStudioVersion = 14.0.25420.1
MinimumVisualStudioVersion = 10.0.40219.1
Project("{2150E333-8FDC-42A3-9474-1A3956D46DE8}") = "src", "src", "{D7259EBD-E023-4BFB-86C6-50F8EA1D414A}"
EndProject
Project("{2150E333-8FDC-42A3-9474-1A3956D46DE8}") = "Solution Items", "Solution Items", "{0F8A67BF-09A3-4E72-A4DB-56055D8AED4B}"
	ProjectSection(SolutionItems) = preProject
		global.json = global.json
	EndProjectSection
EndProject
Project("{8BB2217D-0F2D-49D1-97BC-3654ED321F3B}") = "Lykke.Services.OperationsHistory.Api", "src\Lykke.Services.OperationsHistory.Api\Lykke.Services.OperationsHistory.Api.xproj", "{2AF58716-AE49-48CE-B8E6-1C0A61FD2CE7}"
EndProject
Project("{8BB2217D-0F2D-49D1-97BC-3654ED321F3B}") = "Lykke.Services.OperationsHistory.Job", "src\Lykke.Services.OperationsHistory.Job\Lykke.Services.OperationsHistory.Job.xproj", "{D66F0978-098B-447D-AD62-F3F0D57A8A0B}"
EndProject
Project("{8BB2217D-0F2D-49D1-97BC-3654ED321F3B}") = "Lykke.Services.OperationsHistory.Core", "src\Lykke.Services.OperationsHistory.Core\Lykke.Services.OperationsHistory.Core.xproj", "{C050620A-0361-478D-A386-6203AFBCF522}"
EndProject
Global
	GlobalSection(SolutionConfigurationPlatforms) = preSolution
		Debug|Any CPU = Debug|Any CPU
		Release|Any CPU = Release|Any CPU
	EndGlobalSection
	GlobalSection(ProjectConfigurationPlatforms) = postSolution
		{2AF58716-AE49-48CE-B8E6-1C0A61FD2CE7}.Debug|Any CPU.ActiveCfg = Debug|Any CPU
		{2AF58716-AE49-48CE-B8E6-1C0A61FD2CE7}.Debug|Any CPU.Build.0 = Debug|Any CPU
		{2AF58716-AE49-48CE-B8E6-1C0A61FD2CE7}.Release|Any CPU.ActiveCfg = Release|Any CPU
		{2AF58716-AE49-48CE-B8E6-1C0A61FD2CE7}.Release|Any CPU.Build.0 = Release|Any CPU
		{D66F0978-098B-447D-AD62-F3F0D57A8A0B}.Debug|Any CPU.ActiveCfg = Debug|Any CPU
		{D66F0978-098B-447D-AD62-F3F0D57A8A0B}.Debug|Any CPU.Build.0 = Debug|Any CPU
		{D66F0978-098B-447D-AD62-F3F0D57A8A0B}.Release|Any CPU.ActiveCfg = Release|Any CPU
		{D66F0978-098B-447D-AD62-F3F0D57A8A0B}.Release|Any CPU.Build.0 = Release|Any CPU
		{C050620A-0361-478D-A386-6203AFBCF522}.Debug|Any CPU.ActiveCfg = Debug|Any CPU
		{C050620A-0361-478D-A386-6203AFBCF522}.Debug|Any CPU.Build.0 = Debug|Any CPU
		{C050620A-0361-478D-A386-6203AFBCF522}.Release|Any CPU.ActiveCfg = Release|Any CPU
		{C050620A-0361-478D-A386-6203AFBCF522}.Release|Any CPU.Build.0 = Release|Any CPU
	EndGlobalSection
	GlobalSection(SolutionProperties) = preSolution
		HideSolutionNode = FALSE
	EndGlobalSection
	GlobalSection(NestedProjects) = preSolution
		{2AF58716-AE49-48CE-B8E6-1C0A61FD2CE7} = {D7259EBD-E023-4BFB-86C6-50F8EA1D414A}
		{D66F0978-098B-447D-AD62-F3F0D57A8A0B} = {D7259EBD-E023-4BFB-86C6-50F8EA1D414A}
		{C050620A-0361-478D-A386-6203AFBCF522} = {D7259EBD-E023-4BFB-86C6-50F8EA1D414A}
	EndGlobalSection
EndGlobal
