
Microsoft Visual Studio Solution File, Format Version 12.00
# Visual Studio 15
VisualStudioVersion = 15.0.26430.14
MinimumVisualStudioVersion = 10.0.40219.1
Project("{2150E333-8FDC-42A3-9474-1A3956D46DE8}") = "src", "src", "{D7259EBD-E023-4BFB-86C6-50F8EA1D414A}"
EndProject
Project("{2150E333-8FDC-42A3-9474-1A3956D46DE8}") = "Solution Items", "Solution Items", "{0F8A67BF-09A3-4E72-A4DB-56055D8AED4B}"
EndProject
Project("{2150E333-8FDC-42A3-9474-1A3956D46DE8}") = "tests", "tests", "{C09F92FC-42CB-49F0-B18D-0A1374C69C68}"
EndProject
Project("{9A19103F-16F7-4668-BE54-9A1E7A4F7556}") = "Lykke.Service.OperationsHistory.Api", "src\Lykke.Service.OperationsHistory.Api\Lykke.Service.OperationsHistory.Api.csproj", "{2AF58716-AE49-48CE-B8E6-1C0A61FD2CE7}"
EndProject
Project("{9A19103F-16F7-4668-BE54-9A1E7A4F7556}") = "Lykke.Service.OperationsHistory.Job", "src\Lykke.Service.OperationsHistory.Job\Lykke.Service.OperationsHistory.Job.csproj", "{D66F0978-098B-447D-AD62-F3F0D57A8A0B}"
EndProject
Project("{9A19103F-16F7-4668-BE54-9A1E7A4F7556}") = "Lykke.Service.OperationsHistory.Tests", "tests\Lykke.Service.OperationsHistory.Tests\Lykke.Service.OperationsHistory.Tests.csproj", "{F3C285F1-FD40-4190-AC09-F4491AF3F276}"
EndProject
Project("{2150E333-8FDC-42A3-9474-1A3956D46DE8}") = "client", "client", "{F3901739-474B-4268-8651-227A46CA2502}"
EndProject
Project("{FAE04EC0-301F-11D3-BF4B-00C04F79EFBC}") = "Lykke.Service.OperationsHistory.HistoryWriter", "Lykke.Service.OperationsHistory.HistoryWriter\Lykke.Service.OperationsHistory.HistoryWriter.csproj", "{882822F9-513D-42F5-A0E7-452C2C6E7F65}"
EndProject
Project("{FAE04EC0-301F-11D3-BF4B-00C04F79EFBC}") = "Lykke.Service.OperationsHistory.Core", "Lykke.Service.OperationsHistory.Core\Lykke.Service.OperationsHistory.Core.csproj", "{8613FF84-58F4-4736-B9D7-12CE260149E1}"
EndProject
Global
	GlobalSection(SolutionConfigurationPlatforms) = preSolution
		Debug|Any CPU = Debug|Any CPU
		Release|Any CPU = Release|Any CPU
	EndGlobalSection
	GlobalSection(ProjectConfigurationPlatforms) = postSolution
		{2AF58716-AE49-48CE-B8E6-1C0A61FD2CE7}.Debug|Any CPU.ActiveCfg = Debug|Any CPU
		{2AF58716-AE49-48CE-B8E6-1C0A61FD2CE7}.Debug|Any CPU.Build.0 = Debug|Any CPU
		{2AF58716-AE49-48CE-B8E6-1C0A61FD2CE7}.Release|Any CPU.ActiveCfg = Release|Any CPU
		{2AF58716-AE49-48CE-B8E6-1C0A61FD2CE7}.Release|Any CPU.Build.0 = Release|Any CPU
		{D66F0978-098B-447D-AD62-F3F0D57A8A0B}.Debug|Any CPU.ActiveCfg = Debug|Any CPU
		{D66F0978-098B-447D-AD62-F3F0D57A8A0B}.Debug|Any CPU.Build.0 = Debug|Any CPU
		{D66F0978-098B-447D-AD62-F3F0D57A8A0B}.Release|Any CPU.ActiveCfg = Release|Any CPU
		{D66F0978-098B-447D-AD62-F3F0D57A8A0B}.Release|Any CPU.Build.0 = Release|Any CPU
		{F3C285F1-FD40-4190-AC09-F4491AF3F276}.Debug|Any CPU.ActiveCfg = Debug|Any CPU
		{F3C285F1-FD40-4190-AC09-F4491AF3F276}.Debug|Any CPU.Build.0 = Debug|Any CPU
		{F3C285F1-FD40-4190-AC09-F4491AF3F276}.Release|Any CPU.ActiveCfg = Release|Any CPU
		{F3C285F1-FD40-4190-AC09-F4491AF3F276}.Release|Any CPU.Build.0 = Release|Any CPU
		{882822F9-513D-42F5-A0E7-452C2C6E7F65}.Debug|Any CPU.ActiveCfg = Debug|Any CPU
		{882822F9-513D-42F5-A0E7-452C2C6E7F65}.Debug|Any CPU.Build.0 = Debug|Any CPU
		{882822F9-513D-42F5-A0E7-452C2C6E7F65}.Release|Any CPU.ActiveCfg = Release|Any CPU
		{882822F9-513D-42F5-A0E7-452C2C6E7F65}.Release|Any CPU.Build.0 = Release|Any CPU
		{8613FF84-58F4-4736-B9D7-12CE260149E1}.Debug|Any CPU.ActiveCfg = Debug|Any CPU
		{8613FF84-58F4-4736-B9D7-12CE260149E1}.Debug|Any CPU.Build.0 = Debug|Any CPU
		{8613FF84-58F4-4736-B9D7-12CE260149E1}.Release|Any CPU.ActiveCfg = Release|Any CPU
		{8613FF84-58F4-4736-B9D7-12CE260149E1}.Release|Any CPU.Build.0 = Release|Any CPU
	EndGlobalSection
	GlobalSection(SolutionProperties) = preSolution
		HideSolutionNode = FALSE
	EndGlobalSection
	GlobalSection(NestedProjects) = preSolution
		{2AF58716-AE49-48CE-B8E6-1C0A61FD2CE7} = {D7259EBD-E023-4BFB-86C6-50F8EA1D414A}
		{D66F0978-098B-447D-AD62-F3F0D57A8A0B} = {D7259EBD-E023-4BFB-86C6-50F8EA1D414A}
		{F3C285F1-FD40-4190-AC09-F4491AF3F276} = {C09F92FC-42CB-49F0-B18D-0A1374C69C68}
		{882822F9-513D-42F5-A0E7-452C2C6E7F65} = {F3901739-474B-4268-8651-227A46CA2502}
		{8613FF84-58F4-4736-B9D7-12CE260149E1} = {D7259EBD-E023-4BFB-86C6-50F8EA1D414A}
	EndGlobalSection
EndGlobal
